// !$*UTF8*$!
{
	archiveVersion = 1;
	classes = {
	};
	objectVersion = 50;
	objects = {

/* Begin PBXBuildFile section */
		C7BACA8B2490845700C4FFCF /* PixabayNetworkingKit.h in Headers */ = {isa = PBXBuildFile; fileRef = C7BACA892490845700C4FFCF /* PixabayNetworkingKit.h */; settings = {ATTRIBUTES = (Public, ); }; };
		C7BACA9C24908A0E00C4FFCF /* NKURLRequest.swift in Sources */ = {isa = PBXBuildFile; fileRef = C7BACA9B24908A0E00C4FFCF /* NKURLRequest.swift */; };
		C7BACA9E24908AE200C4FFCF /* NKURLSession.swift in Sources */ = {isa = PBXBuildFile; fileRef = C7BACA9D24908AE200C4FFCF /* NKURLSession.swift */; };
		C7BACAA024908BA400C4FFCF /* NKError.swift in Sources */ = {isa = PBXBuildFile; fileRef = C7BACA9F24908BA400C4FFCF /* NKError.swift */; };
		C7BACAA224908C5900C4FFCF /* NKDecoder.swift in Sources */ = {isa = PBXBuildFile; fileRef = C7BACAA124908C5900C4FFCF /* NKDecoder.swift */; };
/* End PBXBuildFile section */

/* Begin PBXFileReference section */
		C7BACA862490845700C4FFCF /* PixabayNetworkingKit.framework */ = {isa = PBXFileReference; explicitFileType = wrapper.framework; includeInIndex = 0; path = PixabayNetworkingKit.framework; sourceTree = BUILT_PRODUCTS_DIR; };
		C7BACA892490845700C4FFCF /* PixabayNetworkingKit.h */ = {isa = PBXFileReference; lastKnownFileType = sourcecode.c.h; path = PixabayNetworkingKit.h; sourceTree = "<group>"; };
		C7BACA8A2490845700C4FFCF /* Info.plist */ = {isa = PBXFileReference; lastKnownFileType = text.plist.xml; path = Info.plist; sourceTree = "<group>"; };
		C7BACA9B24908A0E00C4FFCF /* NKURLRequest.swift */ = {isa = PBXFileReference; lastKnownFileType = sourcecode.swift; path = NKURLRequest.swift; sourceTree = "<group>"; };
		C7BACA9D24908AE200C4FFCF /* NKURLSession.swift */ = {isa = PBXFileReference; lastKnownFileType = sourcecode.swift; path = NKURLSession.swift; sourceTree = "<group>"; };
		C7BACA9F24908BA400C4FFCF /* NKError.swift */ = {isa = PBXFileReference; lastKnownFileType = sourcecode.swift; path = NKError.swift; sourceTree = "<group>"; };
		C7BACAA124908C5900C4FFCF /* NKDecoder.swift */ = {isa = PBXFileReference; lastKnownFileType = sourcecode.swift; path = NKDecoder.swift; sourceTree = "<group>"; };
/* End PBXFileReference section */

/* Begin PBXFrameworksBuildPhase section */
		C7BACA832490845700C4FFCF /* Frameworks */ = {
			isa = PBXFrameworksBuildPhase;
			buildActionMask = 2147483647;
			files = (
			);
			runOnlyForDeploymentPostprocessing = 0;
		};
/* End PBXFrameworksBuildPhase section */

/* Begin PBXGroup section */
		C7BACA7C2490845700C4FFCF = {
			isa = PBXGroup;
			children = (
				C7BACA882490845700C4FFCF /* PixabayNetworkingKit */,
				C7BACA872490845700C4FFCF /* Products */,
			);
			sourceTree = "<group>";
		};
		C7BACA872490845700C4FFCF /* Products */ = {
			isa = PBXGroup;
			children = (
				C7BACA862490845700C4FFCF /* PixabayNetworkingKit.framework */,
			);
			name = Products;
			sourceTree = "<group>";
		};
		C7BACA882490845700C4FFCF /* PixabayNetworkingKit */ = {
			isa = PBXGroup;
			children = (
				C7BACA92249084BB00C4FFCF /* Networking */,
				C7BACA912490847300C4FFCF /* SupportFiles */,
			);
			path = PixabayNetworkingKit;
			sourceTree = "<group>";
		};
		C7BACA912490847300C4FFCF /* SupportFiles */ = {
			isa = PBXGroup;
			children = (
				C7BACA892490845700C4FFCF /* PixabayNetworkingKit.h */,
				C7BACA8A2490845700C4FFCF /* Info.plist */,
			);
			path = SupportFiles;
			sourceTree = "<group>";
		};
		C7BACA92249084BB00C4FFCF /* Networking */ = {
			isa = PBXGroup;
			children = (
				C7BACA9B24908A0E00C4FFCF /* NKURLRequest.swift */,
				C7BACA9D24908AE200C4FFCF /* NKURLSession.swift */,
				C7BACA9F24908BA400C4FFCF /* NKError.swift */,
				C7BACAA124908C5900C4FFCF /* NKDecoder.swift */,
			);
			path = Networking;
			sourceTree = "<group>";
		};
/* End PBXGroup section */

/* Begin PBXHeadersBuildPhase section */
		C7BACA812490845700C4FFCF /* Headers */ = {
			isa = PBXHeadersBuildPhase;
			buildActionMask = 2147483647;
			files = (
				C7BACA8B2490845700C4FFCF /* PixabayNetworkingKit.h in Headers */,
			);
			runOnlyForDeploymentPostprocessing = 0;
		};
/* End PBXHeadersBuildPhase section */

/* Begin PBXNativeTarget section */
		C7BACA852490845700C4FFCF /* PixabayNetworkingKit */ = {
			isa = PBXNativeTarget;
			buildConfigurationList = C7BACA8E2490845700C4FFCF /* Build configuration list for PBXNativeTarget "PixabayNetworkingKit" */;
			buildPhases = (
				C7BACA812490845700C4FFCF /* Headers */,
				C7BACA822490845700C4FFCF /* Sources */,
				C7BACA832490845700C4FFCF /* Frameworks */,
				C7BACA842490845700C4FFCF /* Resources */,
			);
			buildRules = (
			);
			dependencies = (
			);
			name = PixabayNetworkingKit;
			productName = PixabayNetworkingKit;
			productReference = C7BACA862490845700C4FFCF /* PixabayNetworkingKit.framework */;
			productType = "com.apple.product-type.framework";
		};
/* End PBXNativeTarget section */

/* Begin PBXProject section */
		C7BACA7D2490845700C4FFCF /* Project object */ = {
			isa = PBXProject;
			attributes = {
				LastUpgradeCheck = 1150;
				ORGANIZATIONNAME = "Kunal Verma";
				TargetAttributes = {
					C7BACA852490845700C4FFCF = {
						CreatedOnToolsVersion = 11.5;
						LastSwiftMigration = 1150;
					};
				};
			};
			buildConfigurationList = C7BACA802490845700C4FFCF /* Build configuration list for PBXProject "PixabayNetworkingKit" */;
			compatibilityVersion = "Xcode 9.3";
			developmentRegion = en;
			hasScannedForEncodings = 0;
			knownRegions = (
				en,
				Base,
			);
			mainGroup = C7BACA7C2490845700C4FFCF;
			productRefGroup = C7BACA872490845700C4FFCF /* Products */;
			projectDirPath = "";
			projectRoot = "";
			targets = (
				C7BACA852490845700C4FFCF /* PixabayNetworkingKit */,
			);
		};
/* End PBXProject section */

/* Begin PBXResourcesBuildPhase section */
		C7BACA842490845700C4FFCF /* Resources */ = {
			isa = PBXResourcesBuildPhase;
			buildActionMask = 2147483647;
			files = (
			);
			runOnlyForDeploymentPostprocessing = 0;
		};
/* End PBXResourcesBuildPhase section */

/* Begin PBXSourcesBuildPhase section */
		C7BACA822490845700C4FFCF /* Sources */ = {
			isa = PBXSourcesBuildPhase;
			buildActionMask = 2147483647;
			files = (
				C7BACA9C24908A0E00C4FFCF /* NKURLRequest.swift in Sources */,
				C7BACAA224908C5900C4FFCF /* NKDecoder.swift in Sources */,
				C7BACA9E24908AE200C4FFCF /* NKURLSession.swift in Sources */,
				C7BACAA024908BA400C4FFCF /* NKError.swift in Sources */,
			);
			runOnlyForDeploymentPostprocessing = 0;
		};
/* End PBXSourcesBuildPhase section */

/* Begin XCBuildConfiguration section */
		C7BACA8C2490845700C4FFCF /* Debug */ = {
			isa = XCBuildConfiguration;
			buildSettings = {
				ALWAYS_SEARCH_USER_PATHS = NO;
				CLANG_ANALYZER_NONNULL = YES;
				CLANG_ANALYZER_NUMBER_OBJECT_CONVERSION = YES_AGGRESSIVE;
				CLANG_CXX_LANGUAGE_STANDARD = "gnu++14";
				CLANG_CXX_LIBRARY = "libc++";
				CLANG_ENABLE_MODULES = YES;
				CLANG_ENABLE_OBJC_ARC = YES;
				CLANG_ENABLE_OBJC_WEAK = YES;
				CLANG_WARN_BLOCK_CAPTURE_AUTORELEASING = YES;
				CLANG_WARN_BOOL_CONVERSION = YES;
				CLANG_WARN_COMMA = YES;
				CLANG_WARN_CONSTANT_CONVERSION = YES;
				CLANG_WARN_DEPRECATED_OBJC_IMPLEMENTATIONS = YES;
				CLANG_WARN_DIRECT_OBJC_ISA_USAGE = YES_ERROR;
				CLANG_WARN_DOCUMENTATION_COMMENTS = YES;
				CLANG_WARN_EMPTY_BODY = YES;
				CLANG_WARN_ENUM_CONVERSION = YES;
				CLANG_WARN_INFINITE_RECURSION = YES;
				CLANG_WARN_INT_CONVERSION = YES;
				CLANG_WARN_NON_LITERAL_NULL_CONVERSION = YES;
				CLANG_WARN_OBJC_IMPLICIT_RETAIN_SELF = YES;
				CLANG_WARN_OBJC_LITERAL_CONVERSION = YES;
				CLANG_WARN_OBJC_ROOT_CLASS = YES_ERROR;
				CLANG_WARN_RANGE_LOOP_ANALYSIS = YES;
				CLANG_WARN_STRICT_PROTOTYPES = YES;
				CLANG_WARN_SUSPICIOUS_MOVE = YES;
				CLANG_WARN_UNGUARDED_AVAILABILITY = YES_AGGRESSIVE;
				CLANG_WARN_UNREACHABLE_CODE = YES;
				CLANG_WARN__DUPLICATE_METHOD_MATCH = YES;
				COPY_PHASE_STRIP = NO;
				CURRENT_PROJECT_VERSION = 1;
				DEBUG_INFORMATION_FORMAT = dwarf;
				ENABLE_STRICT_OBJC_MSGSEND = YES;
				ENABLE_TESTABILITY = YES;
				GCC_C_LANGUAGE_STANDARD = gnu11;
				GCC_DYNAMIC_NO_PIC = NO;
				GCC_NO_COMMON_BLOCKS = YES;
				GCC_OPTIMIZATION_LEVEL = 0;
				GCC_PREPROCESSOR_DEFINITIONS = (
					"DEBUG=1",
					"$(inherited)",
				);
				GCC_WARN_64_TO_32_BIT_CONVERSION = YES;
				GCC_WARN_ABOUT_RETURN_TYPE = YES_ERROR;
				GCC_WARN_UNDECLARED_SELECTOR = YES;
				GCC_WARN_UNINITIALIZED_AUTOS = YES_AGGRESSIVE;
				GCC_WARN_UNUSED_FUNCTION = YES;
				GCC_WARN_UNUSED_VARIABLE = YES;
				IPHONEOS_DEPLOYMENT_TARGET = 13.0;
				MTL_ENABLE_DEBUG_INFO = INCLUDE_SOURCE;
				MTL_FAST_MATH = YES;
				ONLY_ACTIVE_ARCH = YES;
				SDKROOT = iphoneos;
				SWIFT_ACTIVE_COMPILATION_CONDITIONS = DEBUG;
				SWIFT_OPTIMIZATION_LEVEL = "-Onone";
				VERSIONING_SYSTEM = "apple-generic";
				VERSION_INFO_PREFIX = "";
			};
			name = Debug;
		};
		C7BACA8D2490845700C4FFCF /* Release */ = {
			isa = XCBuildConfiguration;
			buildSettings = {
				ALWAYS_SEARCH_USER_PATHS = NO;
				CLANG_ANALYZER_NONNULL = YES;
				CLANG_ANALYZER_NUMBER_OBJECT_CONVERSION = YES_AGGRESSIVE;
				CLANG_CXX_LANGUAGE_STANDARD = "gnu++14";
				CLANG_CXX_LIBRARY = "libc++";
				CLANG_ENABLE_MODULES = YES;
				CLANG_ENABLE_OBJC_ARC = YES;
				CLANG_ENABLE_OBJC_WEAK = YES;
				CLANG_WARN_BLOCK_CAPTURE_AUTORELEASING = YES;
				CLANG_WARN_BOOL_CONVERSION = YES;
				CLANG_WARN_COMMA = YES;
				CLANG_WARN_CONSTANT_CONVERSION = YES;
				CLANG_WARN_DEPRECATED_OBJC_IMPLEMENTATIONS = YES;
				CLANG_WARN_DIRECT_OBJC_ISA_USAGE = YES_ERROR;
				CLANG_WARN_DOCUMENTATION_COMMENTS = YES;
				CLANG_WARN_EMPTY_BODY = YES;
				CLANG_WARN_ENUM_CONVERSION = YES;
				CLANG_WARN_INFINITE_RECURSION = YES;
				CLANG_WARN_INT_CONVERSION = YES;
				CLANG_WARN_NON_LITERAL_NULL_CONVERSION = YES;
				CLANG_WARN_OBJC_IMPLICIT_RETAIN_SELF = YES;
				CLANG_WARN_OBJC_LITERAL_CONVERSION = YES;
				CLANG_WARN_OBJC_ROOT_CLASS = YES_ERROR;
				CLANG_WARN_RANGE_LOOP_ANALYSIS = YES;
				CLANG_WARN_STRICT_PROTOTYPES = YES;
				CLANG_WARN_SUSPICIOUS_MOVE = YES;
				CLANG_WARN_UNGUARDED_AVAILABILITY = YES_AGGRESSIVE;
				CLANG_WARN_UNREACHABLE_CODE = YES;
				CLANG_WARN__DUPLICATE_METHOD_MATCH = YES;
				COPY_PHASE_STRIP = NO;
				CURRENT_PROJECT_VERSION = 1;
				DEBUG_INFORMATION_FORMAT = "dwarf-with-dsym";
				ENABLE_NS_ASSERTIONS = NO;
				ENABLE_STRICT_OBJC_MSGSEND = YES;
				GCC_C_LANGUAGE_STANDARD = gnu11;
				GCC_NO_COMMON_BLOCKS = YES;
				GCC_WARN_64_TO_32_BIT_CONVERSION = YES;
				GCC_WARN_ABOUT_RETURN_TYPE = YES_ERROR;
				GCC_WARN_UNDECLARED_SELECTOR = YES;
				GCC_WARN_UNINITIALIZED_AUTOS = YES_AGGRESSIVE;
				GCC_WARN_UNUSED_FUNCTION = YES;
				GCC_WARN_UNUSED_VARIABLE = YES;
				IPHONEOS_DEPLOYMENT_TARGET = 13.0;
				MTL_ENABLE_DEBUG_INFO = NO;
				MTL_FAST_MATH = YES;
				SDKROOT = iphoneos;
				SWIFT_COMPILATION_MODE = wholemodule;
				SWIFT_OPTIMIZATION_LEVEL = "-O";
				VALIDATE_PRODUCT = YES;
				VERSIONING_SYSTEM = "apple-generic";
				VERSION_INFO_PREFIX = "";
			};
			name = Release;
		};
		C7BACA8F2490845700C4FFCF /* Debug */ = {
			isa = XCBuildConfiguration;
			buildSettings = {
				CLANG_ENABLE_MODULES = YES;
				CODE_SIGN_STYLE = Automatic;
				DEFINES_MODULE = YES;
				DEVELOPMENT_TEAM = 4A6A3MT6B6;
				DYLIB_COMPATIBILITY_VERSION = 1;
				DYLIB_CURRENT_VERSION = 1;
				DYLIB_INSTALL_NAME_BASE = "@rpath";
				INFOPLIST_FILE = PixabayNetworkingKit/SupportFiles/Info.plist;
				INSTALL_PATH = "$(LOCAL_LIBRARY_DIR)/Frameworks";
				LD_RUNPATH_SEARCH_PATHS = (
					"$(inherited)",
					"@executable_path/Frameworks",
					"@loader_path/Frameworks",
				);
				PRODUCT_BUNDLE_IDENTIFIER = com.kunal.Test.PixabayNetworkingKit;
				PRODUCT_NAME = "$(TARGET_NAME:c99extidentifier)";
				SKIP_INSTALL = YES;
				SWIFT_OPTIMIZATION_LEVEL = "-Onone";
				SWIFT_VERSION = 5.0;
				TARGETED_DEVICE_FAMILY = "1,2";
			};
			name = Debug;
		};
		C7BACA902490845700C4FFCF /* Release */ = {
			isa = XCBuildConfiguration;
			buildSettings = {
				CLANG_ENABLE_MODULES = YES;
				CODE_SIGN_STYLE = Automatic;
				DEFINES_MODULE = YES;
				DEVELOPMENT_TEAM = 4A6A3MT6B6;
				DYLIB_COMPATIBILITY_VERSION = 1;
				DYLIB_CURRENT_VERSION = 1;
				DYLIB_INSTALL_NAME_BASE = "@rpath";
				INFOPLIST_FILE = PixabayNetworkingKit/SupportFiles/Info.plist;
				INSTALL_PATH = "$(LOCAL_LIBRARY_DIR)/Frameworks";
				LD_RUNPATH_SEARCH_PATHS = (
					"$(inherited)",
					"@executable_path/Frameworks",
					"@loader_path/Frameworks",
				);
				PRODUCT_BUNDLE_IDENTIFIER = com.kunal.Test.PixabayNetworkingKit;
				PRODUCT_NAME = "$(TARGET_NAME:c99extidentifier)";
				SKIP_INSTALL = YES;
				SWIFT_VERSION = 5.0;
				TARGETED_DEVICE_FAMILY = "1,2";
			};
			name = Release;
		};
/* End XCBuildConfiguration section */

/* Begin XCConfigurationList section */
		C7BACA802490845700C4FFCF /* Build configuration list for PBXProject "PixabayNetworkingKit" */ = {
			isa = XCConfigurationList;
			buildConfigurations = (
				C7BACA8C2490845700C4FFCF /* Debug */,
				C7BACA8D2490845700C4FFCF /* Release */,
			);
			defaultConfigurationIsVisible = 0;
			defaultConfigurationName = Release;
		};
		C7BACA8E2490845700C4FFCF /* Build configuration list for PBXNativeTarget "PixabayNetworkingKit" */ = {
			isa = XCConfigurationList;
			buildConfigurations = (
				C7BACA8F2490845700C4FFCF /* Debug */,
				C7BACA902490845700C4FFCF /* Release */,
			);
			defaultConfigurationIsVisible = 0;
			defaultConfigurationName = Release;
		};
/* End XCConfigurationList section */
	};
	rootObject = C7BACA7D2490845700C4FFCF /* Project object */;
}
