// !$*UTF8*$!
{
	archiveVersion = 1;
	classes = {
	};
	objectVersion = 51;
	objects = {

/* Begin PBXBuildFile section */
		6DD27E72F48A8244EF0EE058 /* Pods_PixabaySearch.framework in Frameworks */ = {isa = PBXBuildFile; fileRef = 9AF6FB58717230899CE82742 /* Pods_PixabaySearch.framework */; };
		C7BACA5124907A3300C4FFCF /* AppDelegate.swift in Sources */ = {isa = PBXBuildFile; fileRef = C7BACA5024907A3300C4FFCF /* AppDelegate.swift */; };
		C7BACA5324907A3300C4FFCF /* SceneDelegate.swift in Sources */ = {isa = PBXBuildFile; fileRef = C7BACA5224907A3300C4FFCF /* SceneDelegate.swift */; };
		C7BACA5824907A3300C4FFCF /* SearchAndListing.storyboard in Resources */ = {isa = PBXBuildFile; fileRef = C7BACA5624907A3300C4FFCF /* SearchAndListing.storyboard */; };
		C7BACA5A24907A3500C4FFCF /* Assets.xcassets in Resources */ = {isa = PBXBuildFile; fileRef = C7BACA5924907A3500C4FFCF /* Assets.xcassets */; };
		C7BACA5D24907A3500C4FFCF /* LaunchScreen.storyboard in Resources */ = {isa = PBXBuildFile; fileRef = C7BACA5B24907A3500C4FFCF /* LaunchScreen.storyboard */; };
		C7BACA6C24907DAF00C4FFCF /* AppConstants.swift in Sources */ = {isa = PBXBuildFile; fileRef = C7BACA6B24907DAF00C4FFCF /* AppConstants.swift */; };
		C7BACA7324907EE500C4FFCF /* ImageSearchPresenter.swift in Sources */ = {isa = PBXBuildFile; fileRef = C7BACA6D24907EE500C4FFCF /* ImageSearchPresenter.swift */; };
		C7BACA7424907EE500C4FFCF /* ImageSearchStorageWorker.swift in Sources */ = {isa = PBXBuildFile; fileRef = C7BACA6E24907EE500C4FFCF /* ImageSearchStorageWorker.swift */; };
		C7BACA7524907EE500C4FFCF /* ImageSearchRouter.swift in Sources */ = {isa = PBXBuildFile; fileRef = C7BACA6F24907EE500C4FFCF /* ImageSearchRouter.swift */; };
		C7BACA7724907EE500C4FFCF /* ImageSearchViewController.swift in Sources */ = {isa = PBXBuildFile; fileRef = C7BACA7124907EE500C4FFCF /* ImageSearchViewController.swift */; };
		C7BACA7824907EE500C4FFCF /* ImageSearchInteractor.swift in Sources */ = {isa = PBXBuildFile; fileRef = C7BACA7224907EE500C4FFCF /* ImageSearchInteractor.swift */; };
		C7BACA7B2490800200C4FFCF /* StringExtensions.swift in Sources */ = {isa = PBXBuildFile; fileRef = C7BACA7A2490800200C4FFCF /* StringExtensions.swift */; };
		C7BACA942490866700C4FFCF /* PixabayNetworkingKit.framework in Frameworks */ = {isa = PBXBuildFile; fileRef = C7BACA932490866700C4FFCF /* PixabayNetworkingKit.framework */; };
		C7BACA952490866700C4FFCF /* PixabayNetworkingKit.framework in Embed Frameworks */ = {isa = PBXBuildFile; fileRef = C7BACA932490866700C4FFCF /* PixabayNetworkingKit.framework */; settings = {ATTRIBUTES = (CodeSignOnCopy, RemoveHeadersOnCopy, ); }; };
		C7BACA992490882600C4FFCF /* R.generated.swift in Sources */ = {isa = PBXBuildFile; fileRef = C7BACA982490882600C4FFCF /* R.generated.swift */; };
		C7BACABA2490963200C4FFCF /* PixabayDataStorageKit.framework in Frameworks */ = {isa = PBXBuildFile; fileRef = C7BACAB92490963200C4FFCF /* PixabayDataStorageKit.framework */; };
		C7BACABB2490963200C4FFCF /* PixabayDataStorageKit.framework in Embed Frameworks */ = {isa = PBXBuildFile; fileRef = C7BACAB92490963200C4FFCF /* PixabayDataStorageKit.framework */; settings = {ATTRIBUTES = (CodeSignOnCopy, RemoveHeadersOnCopy, ); }; };
		C7BACAC72490BA7C00C4FFCF /* ProgressIndicator.swift in Sources */ = {isa = PBXBuildFile; fileRef = C7BACAC62490BA7C00C4FFCF /* ProgressIndicator.swift */; };
		C7BACAC92490BAE900C4FFCF /* SpringIndicator.swift in Sources */ = {isa = PBXBuildFile; fileRef = C7BACAC82490BAE900C4FFCF /* SpringIndicator.swift */; };
		C7BACAD82490F94A00C4FFCF /* ResultsListPresenter.swift in Sources */ = {isa = PBXBuildFile; fileRef = C7BACAD22490F94A00C4FFCF /* ResultsListPresenter.swift */; };
		C7BACADA2490F94A00C4FFCF /* ResultsListRouter.swift in Sources */ = {isa = PBXBuildFile; fileRef = C7BACAD42490F94A00C4FFCF /* ResultsListRouter.swift */; };
		C7BACADC2490F94A00C4FFCF /* ResultsListViewController.swift in Sources */ = {isa = PBXBuildFile; fileRef = C7BACAD62490F94A00C4FFCF /* ResultsListViewController.swift */; };
		C7BACADD2490F94A00C4FFCF /* ResultsListInteractor.swift in Sources */ = {isa = PBXBuildFile; fileRef = C7BACAD72490F94A00C4FFCF /* ResultsListInteractor.swift */; };
		C7BACAE42490F96F00C4FFCF /* FullScreenImagePresenter.swift in Sources */ = {isa = PBXBuildFile; fileRef = C7BACADE2490F96F00C4FFCF /* FullScreenImagePresenter.swift */; };
		C7BACAE62490F96F00C4FFCF /* FullScreenImageRouter.swift in Sources */ = {isa = PBXBuildFile; fileRef = C7BACAE02490F96F00C4FFCF /* FullScreenImageRouter.swift */; };
		C7BACAE82490F96F00C4FFCF /* FullScreenImageViewController.swift in Sources */ = {isa = PBXBuildFile; fileRef = C7BACAE22490F96F00C4FFCF /* FullScreenImageViewController.swift */; };
		C7BACAE92490F96F00C4FFCF /* FullScreenImageInteractor.swift in Sources */ = {isa = PBXBuildFile; fileRef = C7BACAE32490F96F00C4FFCF /* FullScreenImageInteractor.swift */; };
		C7BACAEE2490FA6B00C4FFCF /* ResultListingCell.swift in Sources */ = {isa = PBXBuildFile; fileRef = C7BACAEC2490FA6B00C4FFCF /* ResultListingCell.swift */; };
		C7BACAEF2490FA6B00C4FFCF /* ResultListingCell.xib in Resources */ = {isa = PBXBuildFile; fileRef = C7BACAED2490FA6B00C4FFCF /* ResultListingCell.xib */; };
		C7BACAF2249129B200C4FFCF /* PixabayModels.swift in Sources */ = {isa = PBXBuildFile; fileRef = C7BACAF1249129B200C4FFCF /* PixabayModels.swift */; };
		C7BACAF424912A2300C4FFCF /* PixabayNetworking.swift in Sources */ = {isa = PBXBuildFile; fileRef = C7BACAF324912A2300C4FFCF /* PixabayNetworking.swift */; };
		C7BACAF92491548500C4FFCF /* FullImageCell.swift in Sources */ = {isa = PBXBuildFile; fileRef = C7BACAF72491548500C4FFCF /* FullImageCell.swift */; };
		C7BACAFA2491548500C4FFCF /* FullImageCell.xib in Resources */ = {isa = PBXBuildFile; fileRef = C7BACAF82491548500C4FFCF /* FullImageCell.xib */; };
/* End PBXBuildFile section */

/* Begin PBXCopyFilesBuildPhase section */
		C7BACA962490866800C4FFCF /* Embed Frameworks */ = {
			isa = PBXCopyFilesBuildPhase;
			buildActionMask = 2147483647;
			dstPath = "";
			dstSubfolderSpec = 10;
			files = (
				C7BACABB2490963200C4FFCF /* PixabayDataStorageKit.framework in Embed Frameworks */,
				C7BACA952490866700C4FFCF /* PixabayNetworkingKit.framework in Embed Frameworks */,
			);
			name = "Embed Frameworks";
			runOnlyForDeploymentPostprocessing = 0;
		};
/* End PBXCopyFilesBuildPhase section */

/* Begin PBXFileReference section */
		27D4DBC49ADF4689430557F5 /* Pods-PixabaySearch.release.xcconfig */ = {isa = PBXFileReference; includeInIndex = 1; lastKnownFileType = text.xcconfig; name = "Pods-PixabaySearch.release.xcconfig"; path = "Target Support Files/Pods-PixabaySearch/Pods-PixabaySearch.release.xcconfig"; sourceTree = "<group>"; };
		9AF6FB58717230899CE82742 /* Pods_PixabaySearch.framework */ = {isa = PBXFileReference; explicitFileType = wrapper.framework; includeInIndex = 0; path = Pods_PixabaySearch.framework; sourceTree = BUILT_PRODUCTS_DIR; };
		C7BACA4D24907A3300C4FFCF /* PixabaySearch.app */ = {isa = PBXFileReference; explicitFileType = wrapper.application; includeInIndex = 0; path = PixabaySearch.app; sourceTree = BUILT_PRODUCTS_DIR; };
		C7BACA5024907A3300C4FFCF /* AppDelegate.swift */ = {isa = PBXFileReference; lastKnownFileType = sourcecode.swift; path = AppDelegate.swift; sourceTree = "<group>"; };
		C7BACA5224907A3300C4FFCF /* SceneDelegate.swift */ = {isa = PBXFileReference; lastKnownFileType = sourcecode.swift; path = SceneDelegate.swift; sourceTree = "<group>"; };
		C7BACA5724907A3300C4FFCF /* Base */ = {isa = PBXFileReference; lastKnownFileType = file.storyboard; name = Base; path = Base.lproj/SearchAndListing.storyboard; sourceTree = "<group>"; };
		C7BACA5924907A3500C4FFCF /* Assets.xcassets */ = {isa = PBXFileReference; lastKnownFileType = folder.assetcatalog; path = Assets.xcassets; sourceTree = "<group>"; };
		C7BACA5C24907A3500C4FFCF /* Base */ = {isa = PBXFileReference; lastKnownFileType = file.storyboard; name = Base; path = Base.lproj/LaunchScreen.storyboard; sourceTree = "<group>"; };
		C7BACA5E24907A3500C4FFCF /* Info.plist */ = {isa = PBXFileReference; lastKnownFileType = text.plist.xml; path = Info.plist; sourceTree = "<group>"; };
		C7BACA6B24907DAF00C4FFCF /* AppConstants.swift */ = {isa = PBXFileReference; lastKnownFileType = sourcecode.swift; path = AppConstants.swift; sourceTree = "<group>"; };
		C7BACA6D24907EE500C4FFCF /* ImageSearchPresenter.swift */ = {isa = PBXFileReference; lastKnownFileType = sourcecode.swift; path = ImageSearchPresenter.swift; sourceTree = "<group>"; };
		C7BACA6E24907EE500C4FFCF /* ImageSearchStorageWorker.swift */ = {isa = PBXFileReference; lastKnownFileType = sourcecode.swift; path = ImageSearchStorageWorker.swift; sourceTree = "<group>"; };
		C7BACA6F24907EE500C4FFCF /* ImageSearchRouter.swift */ = {isa = PBXFileReference; lastKnownFileType = sourcecode.swift; path = ImageSearchRouter.swift; sourceTree = "<group>"; };
		C7BACA7124907EE500C4FFCF /* ImageSearchViewController.swift */ = {isa = PBXFileReference; lastKnownFileType = sourcecode.swift; path = ImageSearchViewController.swift; sourceTree = "<group>"; };
		C7BACA7224907EE500C4FFCF /* ImageSearchInteractor.swift */ = {isa = PBXFileReference; lastKnownFileType = sourcecode.swift; path = ImageSearchInteractor.swift; sourceTree = "<group>"; };
		C7BACA7A2490800200C4FFCF /* StringExtensions.swift */ = {isa = PBXFileReference; lastKnownFileType = sourcecode.swift; path = StringExtensions.swift; sourceTree = "<group>"; };
		C7BACA932490866700C4FFCF /* PixabayNetworkingKit.framework */ = {isa = PBXFileReference; explicitFileType = wrapper.framework; path = PixabayNetworkingKit.framework; sourceTree = BUILT_PRODUCTS_DIR; };
		C7BACA982490882600C4FFCF /* R.generated.swift */ = {isa = PBXFileReference; fileEncoding = 4; lastKnownFileType = sourcecode.swift; path = R.generated.swift; sourceTree = SOURCE_ROOT; };
		C7BACAB92490963200C4FFCF /* PixabayDataStorageKit.framework */ = {isa = PBXFileReference; explicitFileType = wrapper.framework; path = PixabayDataStorageKit.framework; sourceTree = BUILT_PRODUCTS_DIR; };
		C7BACAC62490BA7C00C4FFCF /* ProgressIndicator.swift */ = {isa = PBXFileReference; lastKnownFileType = sourcecode.swift; path = ProgressIndicator.swift; sourceTree = "<group>"; };
		C7BACAC82490BAE900C4FFCF /* SpringIndicator.swift */ = {isa = PBXFileReference; lastKnownFileType = sourcecode.swift; path = SpringIndicator.swift; sourceTree = "<group>"; };
		C7BACAD22490F94A00C4FFCF /* ResultsListPresenter.swift */ = {isa = PBXFileReference; lastKnownFileType = sourcecode.swift; path = ResultsListPresenter.swift; sourceTree = "<group>"; };
		C7BACAD42490F94A00C4FFCF /* ResultsListRouter.swift */ = {isa = PBXFileReference; lastKnownFileType = sourcecode.swift; path = ResultsListRouter.swift; sourceTree = "<group>"; };
		C7BACAD62490F94A00C4FFCF /* ResultsListViewController.swift */ = {isa = PBXFileReference; lastKnownFileType = sourcecode.swift; path = ResultsListViewController.swift; sourceTree = "<group>"; };
		C7BACAD72490F94A00C4FFCF /* ResultsListInteractor.swift */ = {isa = PBXFileReference; lastKnownFileType = sourcecode.swift; path = ResultsListInteractor.swift; sourceTree = "<group>"; };
		C7BACADE2490F96F00C4FFCF /* FullScreenImagePresenter.swift */ = {isa = PBXFileReference; lastKnownFileType = sourcecode.swift; path = FullScreenImagePresenter.swift; sourceTree = "<group>"; };
		C7BACAE02490F96F00C4FFCF /* FullScreenImageRouter.swift */ = {isa = PBXFileReference; lastKnownFileType = sourcecode.swift; path = FullScreenImageRouter.swift; sourceTree = "<group>"; };
		C7BACAE22490F96F00C4FFCF /* FullScreenImageViewController.swift */ = {isa = PBXFileReference; lastKnownFileType = sourcecode.swift; path = FullScreenImageViewController.swift; sourceTree = "<group>"; };
		C7BACAE32490F96F00C4FFCF /* FullScreenImageInteractor.swift */ = {isa = PBXFileReference; lastKnownFileType = sourcecode.swift; path = FullScreenImageInteractor.swift; sourceTree = "<group>"; };
		C7BACAEC2490FA6B00C4FFCF /* ResultListingCell.swift */ = {isa = PBXFileReference; lastKnownFileType = sourcecode.swift; path = ResultListingCell.swift; sourceTree = "<group>"; };
		C7BACAED2490FA6B00C4FFCF /* ResultListingCell.xib */ = {isa = PBXFileReference; lastKnownFileType = file.xib; path = ResultListingCell.xib; sourceTree = "<group>"; };
		C7BACAF1249129B200C4FFCF /* PixabayModels.swift */ = {isa = PBXFileReference; lastKnownFileType = sourcecode.swift; path = PixabayModels.swift; sourceTree = "<group>"; };
		C7BACAF324912A2300C4FFCF /* PixabayNetworking.swift */ = {isa = PBXFileReference; lastKnownFileType = sourcecode.swift; path = PixabayNetworking.swift; sourceTree = "<group>"; };
		C7BACAF72491548500C4FFCF /* FullImageCell.swift */ = {isa = PBXFileReference; lastKnownFileType = sourcecode.swift; path = FullImageCell.swift; sourceTree = "<group>"; };
		C7BACAF82491548500C4FFCF /* FullImageCell.xib */ = {isa = PBXFileReference; lastKnownFileType = file.xib; path = FullImageCell.xib; sourceTree = "<group>"; };
		D650354D4A0E8714DDA1B0A4 /* Pods-PixabaySearch.debug.xcconfig */ = {isa = PBXFileReference; includeInIndex = 1; lastKnownFileType = text.xcconfig; name = "Pods-PixabaySearch.debug.xcconfig"; path = "Target Support Files/Pods-PixabaySearch/Pods-PixabaySearch.debug.xcconfig"; sourceTree = "<group>"; };
/* End PBXFileReference section */

/* Begin PBXFrameworksBuildPhase section */
		C7BACA4A24907A3300C4FFCF /* Frameworks */ = {
			isa = PBXFrameworksBuildPhase;
			buildActionMask = 2147483647;
			files = (
				C7BACA942490866700C4FFCF /* PixabayNetworkingKit.framework in Frameworks */,
				6DD27E72F48A8244EF0EE058 /* Pods_PixabaySearch.framework in Frameworks */,
				C7BACABA2490963200C4FFCF /* PixabayDataStorageKit.framework in Frameworks */,
			);
			runOnlyForDeploymentPostprocessing = 0;
		};
/* End PBXFrameworksBuildPhase section */

/* Begin PBXGroup section */
		262A0C8CC87F236D2F640244 /* Frameworks */ = {
			isa = PBXGroup;
			children = (
				C7BACAB92490963200C4FFCF /* PixabayDataStorageKit.framework */,
				C7BACA932490866700C4FFCF /* PixabayNetworkingKit.framework */,
				9AF6FB58717230899CE82742 /* Pods_PixabaySearch.framework */,
			);
			name = Frameworks;
			sourceTree = "<group>";
		};
		8C810D033C87BA37281B723A /* Pods */ = {
			isa = PBXGroup;
			children = (
				D650354D4A0E8714DDA1B0A4 /* Pods-PixabaySearch.debug.xcconfig */,
				27D4DBC49ADF4689430557F5 /* Pods-PixabaySearch.release.xcconfig */,
			);
			path = Pods;
			sourceTree = "<group>";
		};
		C7BACA4424907A3300C4FFCF = {
			isa = PBXGroup;
			children = (
				C7BACA4F24907A3300C4FFCF /* PixabaySearch */,
				C7BACA4E24907A3300C4FFCF /* Products */,
				8C810D033C87BA37281B723A /* Pods */,
				262A0C8CC87F236D2F640244 /* Frameworks */,
			);
			sourceTree = "<group>";
		};
		C7BACA4E24907A3300C4FFCF /* Products */ = {
			isa = PBXGroup;
			children = (
				C7BACA4D24907A3300C4FFCF /* PixabaySearch.app */,
			);
			name = Products;
			sourceTree = "<group>";
		};
		C7BACA4F24907A3300C4FFCF /* PixabaySearch */ = {
			isa = PBXGroup;
			children = (
				C7BACAC52490BA5800C4FFCF /* CommonUI */,
				C7BACA6724907AA800C4FFCF /* Scenes */,
				C7BACA7924907FE600C4FFCF /* Extensions */,
				C7BACA6624907A9C00C4FFCF /* Resources */,
				C7BACA6424907A5500C4FFCF /* AppConfigurations */,
			);
			path = PixabaySearch;
			sourceTree = "<group>";
		};
		C7BACA6424907A5500C4FFCF /* AppConfigurations */ = {
			isa = PBXGroup;
			children = (
				C7BACA5B24907A3500C4FFCF /* LaunchScreen.storyboard */,
				C7BACA5E24907A3500C4FFCF /* Info.plist */,
				C7BACA5024907A3300C4FFCF /* AppDelegate.swift */,
				C7BACA5224907A3300C4FFCF /* SceneDelegate.swift */,
				C7BACA6B24907DAF00C4FFCF /* AppConstants.swift */,
			);
			path = AppConfigurations;
			sourceTree = "<group>";
		};
		C7BACA6624907A9C00C4FFCF /* Resources */ = {
			isa = PBXGroup;
			children = (
				C7BACA982490882600C4FFCF /* R.generated.swift */,
				C7BACA5924907A3500C4FFCF /* Assets.xcassets */,
			);
			path = Resources;
			sourceTree = "<group>";
		};
		C7BACA6724907AA800C4FFCF /* Scenes */ = {
			isa = PBXGroup;
			children = (
				C7BACA6824907ACF00C4FFCF /* SearchAndListingScenes */,
			);
			path = Scenes;
			sourceTree = "<group>";
		};
		C7BACA6824907ACF00C4FFCF /* SearchAndListingScenes */ = {
			isa = PBXGroup;
			children = (
				C7BACAD02490F8FC00C4FFCF /* FullScreenImageScene */,
				C7BACACF2490F8F300C4FFCF /* ListScene */,
				C7BACA6A24907AF700C4FFCF /* SearchScene */,
				C7BACA6924907AE200C4FFCF /* CommonUI */,
				C7BACAF02491298E00C4FFCF /* CommonFunctions */,
			);
			path = SearchAndListingScenes;
			sourceTree = "<group>";
		};
		C7BACA6924907AE200C4FFCF /* CommonUI */ = {
			isa = PBXGroup;
			children = (
				C7BACA5624907A3300C4FFCF /* SearchAndListing.storyboard */,
			);
			path = CommonUI;
			sourceTree = "<group>";
		};
		C7BACA6A24907AF700C4FFCF /* SearchScene */ = {
			isa = PBXGroup;
			children = (
				C7BACA6D24907EE500C4FFCF /* ImageSearchPresenter.swift */,
				C7BACA6E24907EE500C4FFCF /* ImageSearchStorageWorker.swift */,
				C7BACA6F24907EE500C4FFCF /* ImageSearchRouter.swift */,
				C7BACA7124907EE500C4FFCF /* ImageSearchViewController.swift */,
				C7BACA7224907EE500C4FFCF /* ImageSearchInteractor.swift */,
			);
			path = SearchScene;
			sourceTree = "<group>";
		};
		C7BACA7924907FE600C4FFCF /* Extensions */ = {
			isa = PBXGroup;
			children = (
				C7BACA7A2490800200C4FFCF /* StringExtensions.swift */,
			);
			path = Extensions;
			sourceTree = "<group>";
		};
		C7BACAC52490BA5800C4FFCF /* CommonUI */ = {
			isa = PBXGroup;
			children = (
				C7BACAC62490BA7C00C4FFCF /* ProgressIndicator.swift */,
				C7BACAC82490BAE900C4FFCF /* SpringIndicator.swift */,
			);
			path = CommonUI;
			sourceTree = "<group>";
		};
		C7BACACF2490F8F300C4FFCF /* ListScene */ = {
			isa = PBXGroup;
			children = (
				C7BACAEA2490FA3600C4FFCF /* Cells */,
				C7BACAD22490F94A00C4FFCF /* ResultsListPresenter.swift */,
				C7BACAD42490F94A00C4FFCF /* ResultsListRouter.swift */,
				C7BACAD62490F94A00C4FFCF /* ResultsListViewController.swift */,
				C7BACAD72490F94A00C4FFCF /* ResultsListInteractor.swift */,
			);
			path = ListScene;
			sourceTree = "<group>";
		};
		C7BACAD02490F8FC00C4FFCF /* FullScreenImageScene */ = {
			isa = PBXGroup;
			children = (
				C7BACAF52491544D00C4FFCF /* Cells */,
				C7BACADE2490F96F00C4FFCF /* FullScreenImagePresenter.swift */,
				C7BACAE02490F96F00C4FFCF /* FullScreenImageRouter.swift */,
				C7BACAE22490F96F00C4FFCF /* FullScreenImageViewController.swift */,
				C7BACAE32490F96F00C4FFCF /* FullScreenImageInteractor.swift */,
			);
			path = FullScreenImageScene;
			sourceTree = "<group>";
		};
		C7BACAEA2490FA3600C4FFCF /* Cells */ = {
			isa = PBXGroup;
			children = (
				C7BACAEB2490FA4300C4FFCF /* ResultListingCell */,
			);
			path = Cells;
			sourceTree = "<group>";
		};
		C7BACAEB2490FA4300C4FFCF /* ResultListingCell */ = {
			isa = PBXGroup;
			children = (
				C7BACAEC2490FA6B00C4FFCF /* ResultListingCell.swift */,
				C7BACAED2490FA6B00C4FFCF /* ResultListingCell.xib */,
			);
			path = ResultListingCell;
			sourceTree = "<group>";
		};
		C7BACAF02491298E00C4FFCF /* CommonFunctions */ = {
			isa = PBXGroup;
			children = (
				C7BACAF1249129B200C4FFCF /* PixabayModels.swift */,
				C7BACAF324912A2300C4FFCF /* PixabayNetworking.swift */,
			);
			path = CommonFunctions;
			sourceTree = "<group>";
		};
		C7BACAF52491544D00C4FFCF /* Cells */ = {
			isa = PBXGroup;
			children = (
				C7BACAF62491545A00C4FFCF /* FullImageCell */,
			);
			path = Cells;
			sourceTree = "<group>";
		};
		C7BACAF62491545A00C4FFCF /* FullImageCell */ = {
			isa = PBXGroup;
			children = (
				C7BACAF72491548500C4FFCF /* FullImageCell.swift */,
				C7BACAF82491548500C4FFCF /* FullImageCell.xib */,
			);
			path = FullImageCell;
			sourceTree = "<group>";
		};
/* End PBXGroup section */

/* Begin PBXNativeTarget section */
		C7BACA4C24907A3300C4FFCF /* PixabaySearch */ = {
			isa = PBXNativeTarget;
			buildConfigurationList = C7BACA6124907A3500C4FFCF /* Build configuration list for PBXNativeTarget "PixabaySearch" */;
			buildPhases = (
				CB271F2BB736776303F35122 /* [CP] Check Pods Manifest.lock */,
				C7BACA972490878F00C4FFCF /* R.Swift */,
				C7BACA4924907A3300C4FFCF /* Sources */,
				C7BACA4A24907A3300C4FFCF /* Frameworks */,
				C7BACA4B24907A3300C4FFCF /* Resources */,
				4028703C4B57E24327F5B928 /* [CP] Embed Pods Frameworks */,
				C7BACA962490866800C4FFCF /* Embed Frameworks */,
				C7BACA9A2490885900C4FFCF /* Swift Linting */,
			);
			buildRules = (
			);
			dependencies = (
			);
			name = PixabaySearch;
			productName = PixabaySearch;
			productReference = C7BACA4D24907A3300C4FFCF /* PixabaySearch.app */;
			productType = "com.apple.product-type.application";
		};
/* End PBXNativeTarget section */

/* Begin PBXProject section */
		C7BACA4524907A3300C4FFCF /* Project object */ = {
			isa = PBXProject;
			attributes = {
				LastSwiftUpdateCheck = 1150;
				LastUpgradeCheck = 1150;
				ORGANIZATIONNAME = "Kunal Verma";
				TargetAttributes = {
					C7BACA4C24907A3300C4FFCF = {
						CreatedOnToolsVersion = 11.5;
					};
				};
			};
			buildConfigurationList = C7BACA4824907A3300C4FFCF /* Build configuration list for PBXProject "PixabaySearch" */;
			compatibilityVersion = "Xcode 9.3";
			developmentRegion = en;
			hasScannedForEncodings = 0;
			knownRegions = (
				en,
				Base,
			);
			mainGroup = C7BACA4424907A3300C4FFCF;
			productRefGroup = C7BACA4E24907A3300C4FFCF /* Products */;
			projectDirPath = "";
			projectRoot = "";
			targets = (
				C7BACA4C24907A3300C4FFCF /* PixabaySearch */,
			);
		};
/* End PBXProject section */

/* Begin PBXResourcesBuildPhase section */
		C7BACA4B24907A3300C4FFCF /* Resources */ = {
			isa = PBXResourcesBuildPhase;
			buildActionMask = 2147483647;
			files = (
				C7BACAFA2491548500C4FFCF /* FullImageCell.xib in Resources */,
				C7BACA5D24907A3500C4FFCF /* LaunchScreen.storyboard in Resources */,
				C7BACA5A24907A3500C4FFCF /* Assets.xcassets in Resources */,
				C7BACA5824907A3300C4FFCF /* SearchAndListing.storyboard in Resources */,
				C7BACAEF2490FA6B00C4FFCF /* ResultListingCell.xib in Resources */,
			);
			runOnlyForDeploymentPostprocessing = 0;
		};
/* End PBXResourcesBuildPhase section */

/* Begin PBXShellScriptBuildPhase section */
		4028703C4B57E24327F5B928 /* [CP] Embed Pods Frameworks */ = {
			isa = PBXShellScriptBuildPhase;
			buildActionMask = 2147483647;
			files = (
			);
			inputFileListPaths = (
				"${PODS_ROOT}/Target Support Files/Pods-PixabaySearch/Pods-PixabaySearch-frameworks-${CONFIGURATION}-input-files.xcfilelist",
			);
			name = "[CP] Embed Pods Frameworks";
			outputFileListPaths = (
				"${PODS_ROOT}/Target Support Files/Pods-PixabaySearch/Pods-PixabaySearch-frameworks-${CONFIGURATION}-output-files.xcfilelist",
			);
			runOnlyForDeploymentPostprocessing = 0;
			shellPath = /bin/sh;
			shellScript = "\"${PODS_ROOT}/Target Support Files/Pods-PixabaySearch/Pods-PixabaySearch-frameworks.sh\"\n";
			showEnvVarsInLog = 0;
		};
		C7BACA972490878F00C4FFCF /* R.Swift */ = {
			isa = PBXShellScriptBuildPhase;
			buildActionMask = 2147483647;
			files = (
			);
			inputFileListPaths = (
			);
			inputPaths = (
				"$TEMP_DIR/rswift-lastrun",
			);
			name = R.Swift;
			outputFileListPaths = (
			);
			outputPaths = (
				$SRCROOT/R.generated.swift,
			);
			runOnlyForDeploymentPostprocessing = 0;
			shellPath = /bin/sh;
			shellScript = "# Type a script or drag a script file from your workspace to insert its path.\n\"$PODS_ROOT/R.swift/rswift\" generate \"$SRCROOT/R.generated.swift\"\n";
		};
		C7BACA9A2490885900C4FFCF /* Swift Linting */ = {
			isa = PBXShellScriptBuildPhase;
			buildActionMask = 2147483647;
			files = (
			);
			inputFileListPaths = (
			);
			inputPaths = (
			);
			name = "Swift Linting";
			outputFileListPaths = (
			);
			outputPaths = (
			);
			runOnlyForDeploymentPostprocessing = 0;
			shellPath = /bin/sh;
			shellScript = "# Type a script or drag a script file from your workspace to insert its path.\n\"${PODS_ROOT}/SwiftLint/swiftlint\"\n";
		};
		CB271F2BB736776303F35122 /* [CP] Check Pods Manifest.lock */ = {
			isa = PBXShellScriptBuildPhase;
			buildActionMask = 2147483647;
			files = (
			);
			inputFileListPaths = (
			);
			inputPaths = (
				"${PODS_PODFILE_DIR_PATH}/Podfile.lock",
				"${PODS_ROOT}/Manifest.lock",
			);
			name = "[CP] Check Pods Manifest.lock";
			outputFileListPaths = (
			);
			outputPaths = (
				"$(DERIVED_FILE_DIR)/Pods-PixabaySearch-checkManifestLockResult.txt",
			);
			runOnlyForDeploymentPostprocessing = 0;
			shellPath = /bin/sh;
			shellScript = "diff \"${PODS_PODFILE_DIR_PATH}/Podfile.lock\" \"${PODS_ROOT}/Manifest.lock\" > /dev/null\nif [ $? != 0 ] ; then\n    # print error to STDERR\n    echo \"error: The sandbox is not in sync with the Podfile.lock. Run 'pod install' or update your CocoaPods installation.\" >&2\n    exit 1\nfi\n# This output is used by Xcode 'outputs' to avoid re-running this script phase.\necho \"SUCCESS\" > \"${SCRIPT_OUTPUT_FILE_0}\"\n";
			showEnvVarsInLog = 0;
		};
/* End PBXShellScriptBuildPhase section */

/* Begin PBXSourcesBuildPhase section */
		C7BACA4924907A3300C4FFCF /* Sources */ = {
			isa = PBXSourcesBuildPhase;
			buildActionMask = 2147483647;
			files = (
				C7BACA7824907EE500C4FFCF /* ImageSearchInteractor.swift in Sources */,
				C7BACAE62490F96F00C4FFCF /* FullScreenImageRouter.swift in Sources */,
				C7BACAE42490F96F00C4FFCF /* FullScreenImagePresenter.swift in Sources */,
				C7BACA7524907EE500C4FFCF /* ImageSearchRouter.swift in Sources */,
				C7BACA7424907EE500C4FFCF /* ImageSearchStorageWorker.swift in Sources */,
				C7BACA5124907A3300C4FFCF /* AppDelegate.swift in Sources */,
				C7BACAC72490BA7C00C4FFCF /* ProgressIndicator.swift in Sources */,
				C7BACAF424912A2300C4FFCF /* PixabayNetworking.swift in Sources */,
				C7BACA5324907A3300C4FFCF /* SceneDelegate.swift in Sources */,
				C7BACA7B2490800200C4FFCF /* StringExtensions.swift in Sources */,
				C7BACAF2249129B200C4FFCF /* PixabayModels.swift in Sources */,
				C7BACAEE2490FA6B00C4FFCF /* ResultListingCell.swift in Sources */,
				C7BACAF92491548500C4FFCF /* FullImageCell.swift in Sources */,
				C7BACADD2490F94A00C4FFCF /* ResultsListInteractor.swift in Sources */,
				C7BACADC2490F94A00C4FFCF /* ResultsListViewController.swift in Sources */,
				C7BACAD82490F94A00C4FFCF /* ResultsListPresenter.swift in Sources */,
				C7BACADA2490F94A00C4FFCF /* ResultsListRouter.swift in Sources */,
				C7BACAC92490BAE900C4FFCF /* SpringIndicator.swift in Sources */,
				C7BACAE92490F96F00C4FFCF /* FullScreenImageInteractor.swift in Sources */,
				C7BACA7324907EE500C4FFCF /* ImageSearchPresenter.swift in Sources */,
				C7BACAE82490F96F00C4FFCF /* FullScreenImageViewController.swift in Sources */,
				C7BACA6C24907DAF00C4FFCF /* AppConstants.swift in Sources */,
				C7BACA7724907EE500C4FFCF /* ImageSearchViewController.swift in Sources */,
				C7BACA992490882600C4FFCF /* R.generated.swift in Sources */,
			);
			runOnlyForDeploymentPostprocessing = 0;
		};
/* End PBXSourcesBuildPhase section */

/* Begin PBXVariantGroup section */
		C7BACA5624907A3300C4FFCF /* SearchAndListing.storyboard */ = {
			isa = PBXVariantGroup;
			children = (
				C7BACA5724907A3300C4FFCF /* Base */,
			);
			name = SearchAndListing.storyboard;
			sourceTree = "<group>";
		};
		C7BACA5B24907A3500C4FFCF /* LaunchScreen.storyboard */ = {
			isa = PBXVariantGroup;
			children = (
				C7BACA5C24907A3500C4FFCF /* Base */,
			);
			name = LaunchScreen.storyboard;
			sourceTree = "<group>";
		};
/* End PBXVariantGroup section */

/* Begin XCBuildConfiguration section */
		C7BACA5F24907A3500C4FFCF /* Debug */ = {
			isa = XCBuildConfiguration;
			buildSettings = {
				ALWAYS_SEARCH_USER_PATHS = NO;
				CLANG_ANALYZER_NONNULL = YES;
				CLANG_ANALYZER_NUMBER_OBJECT_CONVERSION = YES_AGGRESSIVE;
				CLANG_CXX_LANGUAGE_STANDARD = "gnu++14";
				CLANG_CXX_LIBRARY = "libc++";
				CLANG_ENABLE_MODULES = YES;
				CLANG_ENABLE_OBJC_ARC = YES;
				CLANG_ENABLE_OBJC_WEAK = YES;
				CLANG_WARN_BLOCK_CAPTURE_AUTORELEASING = YES;
				CLANG_WARN_BOOL_CONVERSION = YES;
				CLANG_WARN_COMMA = YES;
				CLANG_WARN_CONSTANT_CONVERSION = YES;
				CLANG_WARN_DEPRECATED_OBJC_IMPLEMENTATIONS = YES;
				CLANG_WARN_DIRECT_OBJC_ISA_USAGE = YES_ERROR;
				CLANG_WARN_DOCUMENTATION_COMMENTS = YES;
				CLANG_WARN_EMPTY_BODY = YES;
				CLANG_WARN_ENUM_CONVERSION = YES;
				CLANG_WARN_INFINITE_RECURSION = YES;
				CLANG_WARN_INT_CONVERSION = YES;
				CLANG_WARN_NON_LITERAL_NULL_CONVERSION = YES;
				CLANG_WARN_OBJC_IMPLICIT_RETAIN_SELF = YES;
				CLANG_WARN_OBJC_LITERAL_CONVERSION = YES;
				CLANG_WARN_OBJC_ROOT_CLASS = YES_ERROR;
				CLANG_WARN_RANGE_LOOP_ANALYSIS = YES;
				CLANG_WARN_STRICT_PROTOTYPES = YES;
				CLANG_WARN_SUSPICIOUS_MOVE = YES;
				CLANG_WARN_UNGUARDED_AVAILABILITY = YES_AGGRESSIVE;
				CLANG_WARN_UNREACHABLE_CODE = YES;
				CLANG_WARN__DUPLICATE_METHOD_MATCH = YES;
				COPY_PHASE_STRIP = NO;
				DEBUG_INFORMATION_FORMAT = dwarf;
				ENABLE_STRICT_OBJC_MSGSEND = YES;
				ENABLE_TESTABILITY = YES;
				GCC_C_LANGUAGE_STANDARD = gnu11;
				GCC_DYNAMIC_NO_PIC = NO;
				GCC_NO_COMMON_BLOCKS = YES;
				GCC_OPTIMIZATION_LEVEL = 0;
				GCC_PREPROCESSOR_DEFINITIONS = (
					"DEBUG=1",
					"$(inherited)",
				);
				GCC_WARN_64_TO_32_BIT_CONVERSION = YES;
				GCC_WARN_ABOUT_RETURN_TYPE = YES_ERROR;
				GCC_WARN_UNDECLARED_SELECTOR = YES;
				GCC_WARN_UNINITIALIZED_AUTOS = YES_AGGRESSIVE;
				GCC_WARN_UNUSED_FUNCTION = YES;
				GCC_WARN_UNUSED_VARIABLE = YES;
				IPHONEOS_DEPLOYMENT_TARGET = 13.5;
				MTL_ENABLE_DEBUG_INFO = INCLUDE_SOURCE;
				MTL_FAST_MATH = YES;
				ONLY_ACTIVE_ARCH = YES;
				SDKROOT = iphoneos;
				SWIFT_ACTIVE_COMPILATION_CONDITIONS = DEBUG;
				SWIFT_OPTIMIZATION_LEVEL = "-Onone";
			};
			name = Debug;
		};
		C7BACA6024907A3500C4FFCF /* Release */ = {
			isa = XCBuildConfiguration;
			buildSettings = {
				ALWAYS_SEARCH_USER_PATHS = NO;
				CLANG_ANALYZER_NONNULL = YES;
				CLANG_ANALYZER_NUMBER_OBJECT_CONVERSION = YES_AGGRESSIVE;
				CLANG_CXX_LANGUAGE_STANDARD = "gnu++14";
				CLANG_CXX_LIBRARY = "libc++";
				CLANG_ENABLE_MODULES = YES;
				CLANG_ENABLE_OBJC_ARC = YES;
				CLANG_ENABLE_OBJC_WEAK = YES;
				CLANG_WARN_BLOCK_CAPTURE_AUTORELEASING = YES;
				CLANG_WARN_BOOL_CONVERSION = YES;
				CLANG_WARN_COMMA = YES;
				CLANG_WARN_CONSTANT_CONVERSION = YES;
				CLANG_WARN_DEPRECATED_OBJC_IMPLEMENTATIONS = YES;
				CLANG_WARN_DIRECT_OBJC_ISA_USAGE = YES_ERROR;
				CLANG_WARN_DOCUMENTATION_COMMENTS = YES;
				CLANG_WARN_EMPTY_BODY = YES;
				CLANG_WARN_ENUM_CONVERSION = YES;
				CLANG_WARN_INFINITE_RECURSION = YES;
				CLANG_WARN_INT_CONVERSION = YES;
				CLANG_WARN_NON_LITERAL_NULL_CONVERSION = YES;
				CLANG_WARN_OBJC_IMPLICIT_RETAIN_SELF = YES;
				CLANG_WARN_OBJC_LITERAL_CONVERSION = YES;
				CLANG_WARN_OBJC_ROOT_CLASS = YES_ERROR;
				CLANG_WARN_RANGE_LOOP_ANALYSIS = YES;
				CLANG_WARN_STRICT_PROTOTYPES = YES;
				CLANG_WARN_SUSPICIOUS_MOVE = YES;
				CLANG_WARN_UNGUARDED_AVAILABILITY = YES_AGGRESSIVE;
				CLANG_WARN_UNREACHABLE_CODE = YES;
				CLANG_WARN__DUPLICATE_METHOD_MATCH = YES;
				COPY_PHASE_STRIP = NO;
				DEBUG_INFORMATION_FORMAT = "dwarf-with-dsym";
				ENABLE_NS_ASSERTIONS = NO;
				ENABLE_STRICT_OBJC_MSGSEND = YES;
				GCC_C_LANGUAGE_STANDARD = gnu11;
				GCC_NO_COMMON_BLOCKS = YES;
				GCC_WARN_64_TO_32_BIT_CONVERSION = YES;
				GCC_WARN_ABOUT_RETURN_TYPE = YES_ERROR;
				GCC_WARN_UNDECLARED_SELECTOR = YES;
				GCC_WARN_UNINITIALIZED_AUTOS = YES_AGGRESSIVE;
				GCC_WARN_UNUSED_FUNCTION = YES;
				GCC_WARN_UNUSED_VARIABLE = YES;
				IPHONEOS_DEPLOYMENT_TARGET = 13.5;
				MTL_ENABLE_DEBUG_INFO = NO;
				MTL_FAST_MATH = YES;
				SDKROOT = iphoneos;
				SWIFT_COMPILATION_MODE = wholemodule;
				SWIFT_OPTIMIZATION_LEVEL = "-O";
				VALIDATE_PRODUCT = YES;
			};
			name = Release;
		};
		C7BACA6224907A3500C4FFCF /* Debug */ = {
			isa = XCBuildConfiguration;
			baseConfigurationReference = D650354D4A0E8714DDA1B0A4 /* Pods-PixabaySearch.debug.xcconfig */;
			buildSettings = {
				ASSETCATALOG_COMPILER_APPICON_NAME = AppIcon;
				CODE_SIGN_STYLE = Automatic;
				DEVELOPMENT_TEAM = 4A6A3MT6B6;
				INFOPLIST_FILE = "$(SRCROOT)/PixabaySearch/AppConfigurations/Info.plist";
				IPHONEOS_DEPLOYMENT_TARGET = 13.0;
				LD_RUNPATH_SEARCH_PATHS = (
					"$(inherited)",
					"@executable_path/Frameworks",
				);
				PRODUCT_BUNDLE_IDENTIFIER = com.kunal.Test.PixabaySearch;
				PRODUCT_NAME = "$(TARGET_NAME)";
				SWIFT_VERSION = 5.0;
				TARGETED_DEVICE_FAMILY = "1,2";
			};
			name = Debug;
		};
		C7BACA6324907A3500C4FFCF /* Release */ = {
			isa = XCBuildConfiguration;
			baseConfigurationReference = 27D4DBC49ADF4689430557F5 /* Pods-PixabaySearch.release.xcconfig */;
			buildSettings = {
				ASSETCATALOG_COMPILER_APPICON_NAME = AppIcon;
				CODE_SIGN_STYLE = Automatic;
				DEVELOPMENT_TEAM = 4A6A3MT6B6;
				INFOPLIST_FILE = "$(SRCROOT)/PixabaySearch/AppConfigurations/Info.plist";
				IPHONEOS_DEPLOYMENT_TARGET = 13.0;
				LD_RUNPATH_SEARCH_PATHS = (
					"$(inherited)",
					"@executable_path/Frameworks",
				);
				PRODUCT_BUNDLE_IDENTIFIER = com.kunal.Test.PixabaySearch;
				PRODUCT_NAME = "$(TARGET_NAME)";
				SWIFT_VERSION = 5.0;
				TARGETED_DEVICE_FAMILY = "1,2";
			};
			name = Release;
		};
/* End XCBuildConfiguration section */

/* Begin XCConfigurationList section */
		C7BACA4824907A3300C4FFCF /* Build configuration list for PBXProject "PixabaySearch" */ = {
			isa = XCConfigurationList;
			buildConfigurations = (
				C7BACA5F24907A3500C4FFCF /* Debug */,
				C7BACA6024907A3500C4FFCF /* Release */,
			);
			defaultConfigurationIsVisible = 0;
			defaultConfigurationName = Release;
		};
		C7BACA6124907A3500C4FFCF /* Build configuration list for PBXNativeTarget "PixabaySearch" */ = {
			isa = XCConfigurationList;
			buildConfigurations = (
				C7BACA6224907A3500C4FFCF /* Debug */,
				C7BACA6324907A3500C4FFCF /* Release */,
			);
			defaultConfigurationIsVisible = 0;
			defaultConfigurationName = Release;
		};
/* End XCConfigurationList section */
	};
	rootObject = C7BACA4524907A3300C4FFCF /* Project object */;
}
