// !$*UTF8*$!
{
	archiveVersion = 1;
	classes = {
	};
	objectVersion = 50;
	objects = {

/* Begin PBXBuildFile section */
		C7BACA5124907A3300C4FFCF /* AppDelegate.swift in Sources */ = {isa = PBXBuildFile; fileRef = C7BACA5024907A3300C4FFCF /* AppDelegate.swift */; };
		C7BACA5324907A3300C4FFCF /* SceneDelegate.swift in Sources */ = {isa = PBXBuildFile; fileRef = C7BACA5224907A3300C4FFCF /* SceneDelegate.swift */; };
		C7BACA5524907A3300C4FFCF /* ViewController.swift in Sources */ = {isa = PBXBuildFile; fileRef = C7BACA5424907A3300C4FFCF /* ViewController.swift */; };
		C7BACA5824907A3300C4FFCF /* Main.storyboard in Resources */ = {isa = PBXBuildFile; fileRef = C7BACA5624907A3300C4FFCF /* Main.storyboard */; };
		C7BACA5A24907A3500C4FFCF /* Assets.xcassets in Resources */ = {isa = PBXBuildFile; fileRef = C7BACA5924907A3500C4FFCF /* Assets.xcassets */; };
		C7BACA5D24907A3500C4FFCF /* LaunchScreen.storyboard in Resources */ = {isa = PBXBuildFile; fileRef = C7BACA5B24907A3500C4FFCF /* LaunchScreen.storyboard */; };
/* End PBXBuildFile section */

/* Begin PBXFileReference section */
		C7BACA4D24907A3300C4FFCF /* PixabaySearch.app */ = {isa = PBXFileReference; explicitFileType = wrapper.application; includeInIndex = 0; path = PixabaySearch.app; sourceTree = BUILT_PRODUCTS_DIR; };
		C7BACA5024907A3300C4FFCF /* AppDelegate.swift */ = {isa = PBXFileReference; lastKnownFileType = sourcecode.swift; path = AppDelegate.swift; sourceTree = "<group>"; };
		C7BACA5224907A3300C4FFCF /* SceneDelegate.swift */ = {isa = PBXFileReference; lastKnownFileType = sourcecode.swift; path = SceneDelegate.swift; sourceTree = "<group>"; };
		C7BACA5424907A3300C4FFCF /* ViewController.swift */ = {isa = PBXFileReference; lastKnownFileType = sourcecode.swift; path = ViewController.swift; sourceTree = "<group>"; };
		C7BACA5724907A3300C4FFCF /* Base */ = {isa = PBXFileReference; lastKnownFileType = file.storyboard; name = Base; path = Base.lproj/Main.storyboard; sourceTree = "<group>"; };
		C7BACA5924907A3500C4FFCF /* Assets.xcassets */ = {isa = PBXFileReference; lastKnownFileType = folder.assetcatalog; path = Assets.xcassets; sourceTree = "<group>"; };
		C7BACA5C24907A3500C4FFCF /* Base */ = {isa = PBXFileReference; lastKnownFileType = file.storyboard; name = Base; path = Base.lproj/LaunchScreen.storyboard; sourceTree = "<group>"; };
		C7BACA5E24907A3500C4FFCF /* Info.plist */ = {isa = PBXFileReference; lastKnownFileType = text.plist.xml; path = Info.plist; sourceTree = "<group>"; };
/* End PBXFileReference section */

/* Begin PBXFrameworksBuildPhase section */
		C7BACA4A24907A3300C4FFCF /* Frameworks */ = {
			isa = PBXFrameworksBuildPhase;
			buildActionMask = 2147483647;
			files = (
			);
			runOnlyForDeploymentPostprocessing = 0;
		};
/* End PBXFrameworksBuildPhase section */

/* Begin PBXGroup section */
		C7BACA4424907A3300C4FFCF = {
			isa = PBXGroup;
			children = (
				C7BACA4F24907A3300C4FFCF /* PixabaySearch */,
				C7BACA4E24907A3300C4FFCF /* Products */,
			);
			sourceTree = "<group>";
		};
		C7BACA4E24907A3300C4FFCF /* Products */ = {
			isa = PBXGroup;
			children = (
				C7BACA4D24907A3300C4FFCF /* PixabaySearch.app */,
			);
			name = Products;
			sourceTree = "<group>";
		};
		C7BACA4F24907A3300C4FFCF /* PixabaySearch */ = {
			isa = PBXGroup;
			children = (
				C7BACA5024907A3300C4FFCF /* AppDelegate.swift */,
				C7BACA5224907A3300C4FFCF /* SceneDelegate.swift */,
				C7BACA5424907A3300C4FFCF /* ViewController.swift */,
				C7BACA5624907A3300C4FFCF /* Main.storyboard */,
				C7BACA5924907A3500C4FFCF /* Assets.xcassets */,
				C7BACA5B24907A3500C4FFCF /* LaunchScreen.storyboard */,
				C7BACA5E24907A3500C4FFCF /* Info.plist */,
			);
			path = PixabaySearch;
			sourceTree = "<group>";
		};
/* End PBXGroup section */

/* Begin PBXNativeTarget section */
		C7BACA4C24907A3300C4FFCF /* PixabaySearch */ = {
			isa = PBXNativeTarget;
			buildConfigurationList = C7BACA6124907A3500C4FFCF /* Build configuration list for PBXNativeTarget "PixabaySearch" */;
			buildPhases = (
				C7BACA4924907A3300C4FFCF /* Sources */,
				C7BACA4A24907A3300C4FFCF /* Frameworks */,
				C7BACA4B24907A3300C4FFCF /* Resources */,
			);
			buildRules = (
			);
			dependencies = (
			);
			name = PixabaySearch;
			productName = PixabaySearch;
			productReference = C7BACA4D24907A3300C4FFCF /* PixabaySearch.app */;
			productType = "com.apple.product-type.application";
		};
/* End PBXNativeTarget section */

/* Begin PBXProject section */
		C7BACA4524907A3300C4FFCF /* Project object */ = {
			isa = PBXProject;
			attributes = {
				LastSwiftUpdateCheck = 1150;
				LastUpgradeCheck = 1150;
				ORGANIZATIONNAME = "Kunal Verma";
				TargetAttributes = {
					C7BACA4C24907A3300C4FFCF = {
						CreatedOnToolsVersion = 11.5;
					};
				};
			};
			buildConfigurationList = C7BACA4824907A3300C4FFCF /* Build configuration list for PBXProject "PixabaySearch" */;
			compatibilityVersion = "Xcode 9.3";
			developmentRegion = en;
			hasScannedForEncodings = 0;
			knownRegions = (
				en,
				Base,
			);
			mainGroup = C7BACA4424907A3300C4FFCF;
			productRefGroup = C7BACA4E24907A3300C4FFCF /* Products */;
			projectDirPath = "";
			projectRoot = "";
			targets = (
				C7BACA4C24907A3300C4FFCF /* PixabaySearch */,
			);
		};
/* End PBXProject section */

/* Begin PBXResourcesBuildPhase section */
		C7BACA4B24907A3300C4FFCF /* Resources */ = {
			isa = PBXResourcesBuildPhase;
			buildActionMask = 2147483647;
			files = (
				C7BACA5D24907A3500C4FFCF /* LaunchScreen.storyboard in Resources */,
				C7BACA5A24907A3500C4FFCF /* Assets.xcassets in Resources */,
				C7BACA5824907A3300C4FFCF /* Main.storyboard in Resources */,
			);
			runOnlyForDeploymentPostprocessing = 0;
		};
/* End PBXResourcesBuildPhase section */

/* Begin PBXSourcesBuildPhase section */
		C7BACA4924907A3300C4FFCF /* Sources */ = {
			isa = PBXSourcesBuildPhase;
			buildActionMask = 2147483647;
			files = (
				C7BACA5524907A3300C4FFCF /* ViewController.swift in Sources */,
				C7BACA5124907A3300C4FFCF /* AppDelegate.swift in Sources */,
				C7BACA5324907A3300C4FFCF /* SceneDelegate.swift in Sources */,
			);
			runOnlyForDeploymentPostprocessing = 0;
		};
/* End PBXSourcesBuildPhase section */

/* Begin PBXVariantGroup section */
		C7BACA5624907A3300C4FFCF /* Main.storyboard */ = {
			isa = PBXVariantGroup;
			children = (
				C7BACA5724907A3300C4FFCF /* Base */,
			);
			name = Main.storyboard;
			sourceTree = "<group>";
		};
		C7BACA5B24907A3500C4FFCF /* LaunchScreen.storyboard */ = {
			isa = PBXVariantGroup;
			children = (
				C7BACA5C24907A3500C4FFCF /* Base */,
			);
			name = LaunchScreen.storyboard;
			sourceTree = "<group>";
		};
/* End PBXVariantGroup section */

/* Begin XCBuildConfiguration section */
		C7BACA5F24907A3500C4FFCF /* Debug */ = {
			isa = XCBuildConfiguration;
			buildSettings = {
				ALWAYS_SEARCH_USER_PATHS = NO;
				CLANG_ANALYZER_NONNULL = YES;
				CLANG_ANALYZER_NUMBER_OBJECT_CONVERSION = YES_AGGRESSIVE;
				CLANG_CXX_LANGUAGE_STANDARD = "gnu++14";
				CLANG_CXX_LIBRARY = "libc++";
				CLANG_ENABLE_MODULES = YES;
				CLANG_ENABLE_OBJC_ARC = YES;
				CLANG_ENABLE_OBJC_WEAK = YES;
				CLANG_WARN_BLOCK_CAPTURE_AUTORELEASING = YES;
				CLANG_WARN_BOOL_CONVERSION = YES;
				CLANG_WARN_COMMA = YES;
				CLANG_WARN_CONSTANT_CONVERSION = YES;
				CLANG_WARN_DEPRECATED_OBJC_IMPLEMENTATIONS = YES;
				CLANG_WARN_DIRECT_OBJC_ISA_USAGE = YES_ERROR;
				CLANG_WARN_DOCUMENTATION_COMMENTS = YES;
				CLANG_WARN_EMPTY_BODY = YES;
				CLANG_WARN_ENUM_CONVERSION = YES;
				CLANG_WARN_INFINITE_RECURSION = YES;
				CLANG_WARN_INT_CONVERSION = YES;
				CLANG_WARN_NON_LITERAL_NULL_CONVERSION = YES;
				CLANG_WARN_OBJC_IMPLICIT_RETAIN_SELF = YES;
				CLANG_WARN_OBJC_LITERAL_CONVERSION = YES;
				CLANG_WARN_OBJC_ROOT_CLASS = YES_ERROR;
				CLANG_WARN_RANGE_LOOP_ANALYSIS = YES;
				CLANG_WARN_STRICT_PROTOTYPES = YES;
				CLANG_WARN_SUSPICIOUS_MOVE = YES;
				CLANG_WARN_UNGUARDED_AVAILABILITY = YES_AGGRESSIVE;
				CLANG_WARN_UNREACHABLE_CODE = YES;
				CLANG_WARN__DUPLICATE_METHOD_MATCH = YES;
				COPY_PHASE_STRIP = NO;
				DEBUG_INFORMATION_FORMAT = dwarf;
				ENABLE_STRICT_OBJC_MSGSEND = YES;
				ENABLE_TESTABILITY = YES;
				GCC_C_LANGUAGE_STANDARD = gnu11;
				GCC_DYNAMIC_NO_PIC = NO;
				GCC_NO_COMMON_BLOCKS = YES;
				GCC_OPTIMIZATION_LEVEL = 0;
				GCC_PREPROCESSOR_DEFINITIONS = (
					"DEBUG=1",
					"$(inherited)",
				);
				GCC_WARN_64_TO_32_BIT_CONVERSION = YES;
				GCC_WARN_ABOUT_RETURN_TYPE = YES_ERROR;
				GCC_WARN_UNDECLARED_SELECTOR = YES;
				GCC_WARN_UNINITIALIZED_AUTOS = YES_AGGRESSIVE;
				GCC_WARN_UNUSED_FUNCTION = YES;
				GCC_WARN_UNUSED_VARIABLE = YES;
				IPHONEOS_DEPLOYMENT_TARGET = 13.5;
				MTL_ENABLE_DEBUG_INFO = INCLUDE_SOURCE;
				MTL_FAST_MATH = YES;
				ONLY_ACTIVE_ARCH = YES;
				SDKROOT = iphoneos;
				SWIFT_ACTIVE_COMPILATION_CONDITIONS = DEBUG;
				SWIFT_OPTIMIZATION_LEVEL = "-Onone";
			};
			name = Debug;
		};
		C7BACA6024907A3500C4FFCF /* Release */ = {
			isa = XCBuildConfiguration;
			buildSettings = {
				ALWAYS_SEARCH_USER_PATHS = NO;
				CLANG_ANALYZER_NONNULL = YES;
				CLANG_ANALYZER_NUMBER_OBJECT_CONVERSION = YES_AGGRESSIVE;
				CLANG_CXX_LANGUAGE_STANDARD = "gnu++14";
				CLANG_CXX_LIBRARY = "libc++";
				CLANG_ENABLE_MODULES = YES;
				CLANG_ENABLE_OBJC_ARC = YES;
				CLANG_ENABLE_OBJC_WEAK = YES;
				CLANG_WARN_BLOCK_CAPTURE_AUTORELEASING = YES;
				CLANG_WARN_BOOL_CONVERSION = YES;
				CLANG_WARN_COMMA = YES;
				CLANG_WARN_CONSTANT_CONVERSION = YES;
				CLANG_WARN_DEPRECATED_OBJC_IMPLEMENTATIONS = YES;
				CLANG_WARN_DIRECT_OBJC_ISA_USAGE = YES_ERROR;
				CLANG_WARN_DOCUMENTATION_COMMENTS = YES;
				CLANG_WARN_EMPTY_BODY = YES;
				CLANG_WARN_ENUM_CONVERSION = YES;
				CLANG_WARN_INFINITE_RECURSION = YES;
				CLANG_WARN_INT_CONVERSION = YES;
				CLANG_WARN_NON_LITERAL_NULL_CONVERSION = YES;
				CLANG_WARN_OBJC_IMPLICIT_RETAIN_SELF = YES;
				CLANG_WARN_OBJC_LITERAL_CONVERSION = YES;
				CLANG_WARN_OBJC_ROOT_CLASS = YES_ERROR;
				CLANG_WARN_RANGE_LOOP_ANALYSIS = YES;
				CLANG_WARN_STRICT_PROTOTYPES = YES;
				CLANG_WARN_SUSPICIOUS_MOVE = YES;
				CLANG_WARN_UNGUARDED_AVAILABILITY = YES_AGGRESSIVE;
				CLANG_WARN_UNREACHABLE_CODE = YES;
				CLANG_WARN__DUPLICATE_METHOD_MATCH = YES;
				COPY_PHASE_STRIP = NO;
				DEBUG_INFORMATION_FORMAT = "dwarf-with-dsym";
				ENABLE_NS_ASSERTIONS = NO;
				ENABLE_STRICT_OBJC_MSGSEND = YES;
				GCC_C_LANGUAGE_STANDARD = gnu11;
				GCC_NO_COMMON_BLOCKS = YES;
				GCC_WARN_64_TO_32_BIT_CONVERSION = YES;
				GCC_WARN_ABOUT_RETURN_TYPE = YES_ERROR;
				GCC_WARN_UNDECLARED_SELECTOR = YES;
				GCC_WARN_UNINITIALIZED_AUTOS = YES_AGGRESSIVE;
				GCC_WARN_UNUSED_FUNCTION = YES;
				GCC_WARN_UNUSED_VARIABLE = YES;
				IPHONEOS_DEPLOYMENT_TARGET = 13.5;
				MTL_ENABLE_DEBUG_INFO = NO;
				MTL_FAST_MATH = YES;
				SDKROOT = iphoneos;
				SWIFT_COMPILATION_MODE = wholemodule;
				SWIFT_OPTIMIZATION_LEVEL = "-O";
				VALIDATE_PRODUCT = YES;
			};
			name = Release;
		};
		C7BACA6224907A3500C4FFCF /* Debug */ = {
			isa = XCBuildConfiguration;
			buildSettings = {
				ASSETCATALOG_COMPILER_APPICON_NAME = AppIcon;
				CODE_SIGN_STYLE = Automatic;
				DEVELOPMENT_TEAM = 4A6A3MT6B6;
				INFOPLIST_FILE = PixabaySearch/Info.plist;
				LD_RUNPATH_SEARCH_PATHS = (
					"$(inherited)",
					"@executable_path/Frameworks",
				);
				PRODUCT_BUNDLE_IDENTIFIER = com.kunal.Test.PixabaySearch;
				PRODUCT_NAME = "$(TARGET_NAME)";
				SWIFT_VERSION = 5.0;
				TARGETED_DEVICE_FAMILY = "1,2";
			};
			name = Debug;
		};
		C7BACA6324907A3500C4FFCF /* Release */ = {
			isa = XCBuildConfiguration;
			buildSettings = {
				ASSETCATALOG_COMPILER_APPICON_NAME = AppIcon;
				CODE_SIGN_STYLE = Automatic;
				DEVELOPMENT_TEAM = 4A6A3MT6B6;
				INFOPLIST_FILE = PixabaySearch/Info.plist;
				LD_RUNPATH_SEARCH_PATHS = (
					"$(inherited)",
					"@executable_path/Frameworks",
				);
				PRODUCT_BUNDLE_IDENTIFIER = com.kunal.Test.PixabaySearch;
				PRODUCT_NAME = "$(TARGET_NAME)";
				SWIFT_VERSION = 5.0;
				TARGETED_DEVICE_FAMILY = "1,2";
			};
			name = Release;
		};
/* End XCBuildConfiguration section */

/* Begin XCConfigurationList section */
		C7BACA4824907A3300C4FFCF /* Build configuration list for PBXProject "PixabaySearch" */ = {
			isa = XCConfigurationList;
			buildConfigurations = (
				C7BACA5F24907A3500C4FFCF /* Debug */,
				C7BACA6024907A3500C4FFCF /* Release */,
			);
			defaultConfigurationIsVisible = 0;
			defaultConfigurationName = Release;
		};
		C7BACA6124907A3500C4FFCF /* Build configuration list for PBXNativeTarget "PixabaySearch" */ = {
			isa = XCConfigurationList;
			buildConfigurations = (
				C7BACA6224907A3500C4FFCF /* Debug */,
				C7BACA6324907A3500C4FFCF /* Release */,
			);
			defaultConfigurationIsVisible = 0;
			defaultConfigurationName = Release;
		};
/* End XCConfigurationList section */
	};
	rootObject = C7BACA4524907A3300C4FFCF /* Project object */;
}
